
Microsoft Visual Studio Solution File, Format Version 11.00
# Visual Studio 2010
Project("{E24C65DC-7377-472B-9ABA-BC803B73C61A}") = "DivPositionAbsolute", "E:\Utveckling Testprogram\ASP.Net\DivPositionAbsolute\", "{C6872BC2-C570-4489-9D7E-C821B23A0699}"
	ProjectSection(WebsiteProperties) = preProject
		TargetFrameworkMoniker = ".NETFramework,Version%3Dv3.5"
		Debug.AspNetCompiler.VirtualPath = "/DivPositionAbsolute"
		Debug.AspNetCompiler.PhysicalPath = "E:\Utveckling Testprogram\ASP.Net\DivPositionAbsolute\"
		Debug.AspNetCompiler.TargetPath = "PrecompiledWeb\DivPositionAbsolute\"
		Debug.AspNetCompiler.Updateable = "true"
		Debug.AspNetCompiler.ForceOverwrite = "true"
		Debug.AspNetCompiler.FixedNames = "false"
		Debug.AspNetCompiler.Debug = "True"
		Release.AspNetCompiler.VirtualPath = "/DivPositionAbsolute"
		Release.AspNetCompiler.PhysicalPath = "E:\Utveckling Testprogram\ASP.Net\DivPositionAbsolute\"
		Release.AspNetCompiler.TargetPath = "PrecompiledWeb\DivPositionAbsolute\"
		Release.AspNetCompiler.Updateable = "true"
		Release.AspNetCompiler.ForceOverwrite = "true"
		Release.AspNetCompiler.FixedNames = "false"
		Release.AspNetCompiler.Debug = "False"
		VWDPort = "49722"
		DefaultWebSiteLanguage = "Visual C#"
	EndProjectSection
EndProject
Global
	GlobalSection(SolutionConfigurationPlatforms) = preSolution
		Debug|Any CPU = Debug|Any CPU
	EndGlobalSection
	GlobalSection(ProjectConfigurationPlatforms) = postSolution
		{C6872BC2-C570-4489-9D7E-C821B23A0699}.Debug|Any CPU.ActiveCfg = Debug|Any CPU
		{C6872BC2-C570-4489-9D7E-C821B23A0699}.Debug|Any CPU.Build.0 = Debug|Any CPU
	EndGlobalSection
	GlobalSection(SolutionProperties) = preSolution
		HideSolutionNode = FALSE
	EndGlobalSection
EndGlobal
