
Microsoft Visual Studio Solution File, Format Version 12.00
# Visual Studio 2012
Project("{FAE04EC0-301F-11D3-BF4B-00C04F79EFBC}") = "MenuItemTest", "MenuItemTest.csproj", "{8366C62A-ABBA-4F9D-98B7-786BDD99CA68}"
EndProject
Global
	GlobalSection(SolutionConfigurationPlatforms) = preSolution
		Debug|Any CPU = Debug|Any CPU
		Release|Any CPU = Release|Any CPU
	EndGlobalSection
	GlobalSection(ProjectConfigurationPlatforms) = postSolution
		{8366C62A-ABBA-4F9D-98B7-786BDD99CA68}.Debug|Any CPU.ActiveCfg = Debug|Any CPU
		{8366C62A-ABBA-4F9D-98B7-786BDD99CA68}.Debug|Any CPU.Build.0 = Debug|Any CPU
		{8366C62A-ABBA-4F9D-98B7-786BDD99CA68}.Release|Any CPU.ActiveCfg = Release|Any CPU
		{8366C62A-ABBA-4F9D-98B7-786BDD99CA68}.Release|Any CPU.Build.0 = Release|Any CPU
	EndGlobalSection
	GlobalSection(SolutionProperties) = preSolution
		HideSolutionNode = FALSE
	EndGlobalSection
EndGlobal
