
Microsoft Visual Studio Solution File, Format Version 12.00
# Visual Studio 2013
VisualStudioVersion = 12.0.31101.0
MinimumVisualStudioVersion = 10.0.40219.1
Project("{FAE04EC0-301F-11D3-BF4B-00C04F79EFBC}") = "BindToPropertyOfCodeBehind", "BindToPropertyOfCodeBehind.csproj", "{01C8B66A-3A75-45BA-8794-EFD3F39464DD}"
EndProject
Global
	GlobalSection(SolutionConfigurationPlatforms) = preSolution
		Debug|Any CPU = Debug|Any CPU
		Release|Any CPU = Release|Any CPU
	EndGlobalSection
	GlobalSection(ProjectConfigurationPlatforms) = postSolution
		{01C8B66A-3A75-45BA-8794-EFD3F39464DD}.Debug|Any CPU.ActiveCfg = Debug|Any CPU
		{01C8B66A-3A75-45BA-8794-EFD3F39464DD}.Debug|Any CPU.Build.0 = Debug|Any CPU
		{01C8B66A-3A75-45BA-8794-EFD3F39464DD}.Release|Any CPU.ActiveCfg = Release|Any CPU
		{01C8B66A-3A75-45BA-8794-EFD3F39464DD}.Release|Any CPU.Build.0 = Release|Any CPU
	EndGlobalSection
	GlobalSection(SolutionProperties) = preSolution
		HideSolutionNode = FALSE
	EndGlobalSection
EndGlobal
