
Microsoft Visual Studio Solution File, Format Version 12.00
# Visual Studio 2012
Project("{FAE04EC0-301F-11D3-BF4B-00C04F79EFBC}") = "ToolBarTrayTest", "ToolBarTrayTest.csproj", "{581E47DA-9A11-4580-B591-F92F6185ADA9}"
EndProject
Global
	GlobalSection(SolutionConfigurationPlatforms) = preSolution
		Debug|Any CPU = Debug|Any CPU
		Release|Any CPU = Release|Any CPU
	EndGlobalSection
	GlobalSection(ProjectConfigurationPlatforms) = postSolution
		{581E47DA-9A11-4580-B591-F92F6185ADA9}.Debug|Any CPU.ActiveCfg = Debug|Any CPU
		{581E47DA-9A11-4580-B591-F92F6185ADA9}.Debug|Any CPU.Build.0 = Debug|Any CPU
		{581E47DA-9A11-4580-B591-F92F6185ADA9}.Release|Any CPU.ActiveCfg = Release|Any CPU
		{581E47DA-9A11-4580-B591-F92F6185ADA9}.Release|Any CPU.Build.0 = Release|Any CPU
	EndGlobalSection
	GlobalSection(SolutionProperties) = preSolution
		HideSolutionNode = FALSE
	EndGlobalSection
EndGlobal
