
Microsoft Visual Studio Solution File, Format Version 12.00
# Visual Studio 2012
Project("{8BC9CEB8-8B4A-11D0-8D11-00A0C91BC942}") = "C_StrChr", "C_StrChr.vcxproj", "{D9B6D7A4-2E92-43E7-8804-B850E3F839C3}"
EndProject
Global
	GlobalSection(SolutionConfigurationPlatforms) = preSolution
		Debug|Win32 = Debug|Win32
		Release|Win32 = Release|Win32
	EndGlobalSection
	GlobalSection(ProjectConfigurationPlatforms) = postSolution
		{D9B6D7A4-2E92-43E7-8804-B850E3F839C3}.Debug|Win32.ActiveCfg = Debug|Win32
		{D9B6D7A4-2E92-43E7-8804-B850E3F839C3}.Debug|Win32.Build.0 = Debug|Win32
		{D9B6D7A4-2E92-43E7-8804-B850E3F839C3}.Release|Win32.ActiveCfg = Release|Win32
		{D9B6D7A4-2E92-43E7-8804-B850E3F839C3}.Release|Win32.Build.0 = Release|Win32
	EndGlobalSection
	GlobalSection(SolutionProperties) = preSolution
		HideSolutionNode = FALSE
	EndGlobalSection
EndGlobal
