
Microsoft Visual Studio Solution File, Format Version 11.00
# Visual Studio 2010
Project("{8BC9CEB8-8B4A-11D0-8D11-00A0C91BC942}") = "FileManagement_Win_cpp", "FileManagement_Win_cpp.vcxproj", "{30DB9207-2AE3-4FC0-A035-11EB8C0D7B17}"
EndProject
Global
	GlobalSection(SolutionConfigurationPlatforms) = preSolution
		Debug|Win32 = Debug|Win32
		Release|Win32 = Release|Win32
	EndGlobalSection
	GlobalSection(ProjectConfigurationPlatforms) = postSolution
		{30DB9207-2AE3-4FC0-A035-11EB8C0D7B17}.Debug|Win32.ActiveCfg = Debug|Win32
		{30DB9207-2AE3-4FC0-A035-11EB8C0D7B17}.Debug|Win32.Build.0 = Debug|Win32
		{30DB9207-2AE3-4FC0-A035-11EB8C0D7B17}.Release|Win32.ActiveCfg = Release|Win32
		{30DB9207-2AE3-4FC0-A035-11EB8C0D7B17}.Release|Win32.Build.0 = Release|Win32
	EndGlobalSection
	GlobalSection(SolutionProperties) = preSolution
		HideSolutionNode = FALSE
	EndGlobalSection
EndGlobal
