
Microsoft Visual Studio Solution File, Format Version 12.00
# Visual Studio 15
VisualStudioVersion = 15.0.28307.136
MinimumVisualStudioVersion = 10.0.40219.1
Project("{FAE04EC0-301F-11D3-BF4B-00C04F79EFBC}") = "UpdateTableFromDetatchedDataTable", "UpdateTableFromDetatchedDataTable\UpdateTableFromDetatchedDataTable.csproj", "{A746DFCB-5C60-4C96-BDF4-E07462A1900B}"
EndProject
Global
	GlobalSection(SolutionConfigurationPlatforms) = preSolution
		Debug|Any CPU = Debug|Any CPU
		Release|Any CPU = Release|Any CPU
	EndGlobalSection
	GlobalSection(ProjectConfigurationPlatforms) = postSolution
		{A746DFCB-5C60-4C96-BDF4-E07462A1900B}.Debug|Any CPU.ActiveCfg = Debug|Any CPU
		{A746DFCB-5C60-4C96-BDF4-E07462A1900B}.Debug|Any CPU.Build.0 = Debug|Any CPU
		{A746DFCB-5C60-4C96-BDF4-E07462A1900B}.Release|Any CPU.ActiveCfg = Release|Any CPU
		{A746DFCB-5C60-4C96-BDF4-E07462A1900B}.Release|Any CPU.Build.0 = Release|Any CPU
	EndGlobalSection
	GlobalSection(SolutionProperties) = preSolution
		HideSolutionNode = FALSE
	EndGlobalSection
	GlobalSection(ExtensibilityGlobals) = postSolution
		SolutionGuid = {01C3BBCB-7F56-4A25-987F-49E939AEA589}
	EndGlobalSection
EndGlobal
