
Microsoft Visual Studio Solution File, Format Version 12.00
# Visual Studio 2012
Project("{FAE04EC0-301F-11D3-BF4B-00C04F79EFBC}") = "WebService_HelloWorld", "WebService_HelloWorld.csproj", "{C8EA9929-BFB2-472A-86C7-2FFD40E79470}"
EndProject
Global
	GlobalSection(SolutionConfigurationPlatforms) = preSolution
		Debug|Any CPU = Debug|Any CPU
		Release|Any CPU = Release|Any CPU
	EndGlobalSection
	GlobalSection(ProjectConfigurationPlatforms) = postSolution
		{C8EA9929-BFB2-472A-86C7-2FFD40E79470}.Debug|Any CPU.ActiveCfg = Debug|Any CPU
		{C8EA9929-BFB2-472A-86C7-2FFD40E79470}.Debug|Any CPU.Build.0 = Debug|Any CPU
		{C8EA9929-BFB2-472A-86C7-2FFD40E79470}.Release|Any CPU.ActiveCfg = Release|Any CPU
		{C8EA9929-BFB2-472A-86C7-2FFD40E79470}.Release|Any CPU.Build.0 = Release|Any CPU
	EndGlobalSection
	GlobalSection(SolutionProperties) = preSolution
		HideSolutionNode = FALSE
	EndGlobalSection
EndGlobal
