
Microsoft Visual Studio Solution File, Format Version 12.00
# Visual Studio 2013
VisualStudioVersion = 12.0.40629.0
MinimumVisualStudioVersion = 10.0.40219.1
Project("{F14B399A-7131-4C87-9E4B-1186C45EF12D}") = "Grouping", "Grouping\Grouping.rptproj", "{32A1E15F-558A-4DD7-8D13-32BFB550F337}"
EndProject
Global
	GlobalSection(SolutionConfigurationPlatforms) = preSolution
		Debug|Default = Debug|Default
		DebugLocal|Default = DebugLocal|Default
		Release|Default = Release|Default
	EndGlobalSection
	GlobalSection(ProjectConfigurationPlatforms) = postSolution
		{32A1E15F-558A-4DD7-8D13-32BFB550F337}.Debug|Default.ActiveCfg = Debug
		{32A1E15F-558A-4DD7-8D13-32BFB550F337}.Debug|Default.Build.0 = Debug
		{32A1E15F-558A-4DD7-8D13-32BFB550F337}.Debug|Default.Deploy.0 = Debug
		{32A1E15F-558A-4DD7-8D13-32BFB550F337}.DebugLocal|Default.ActiveCfg = DebugLocal
		{32A1E15F-558A-4DD7-8D13-32BFB550F337}.DebugLocal|Default.Build.0 = DebugLocal
		{32A1E15F-558A-4DD7-8D13-32BFB550F337}.Release|Default.ActiveCfg = Release
		{32A1E15F-558A-4DD7-8D13-32BFB550F337}.Release|Default.Build.0 = Release
		{32A1E15F-558A-4DD7-8D13-32BFB550F337}.Release|Default.Deploy.0 = Release
	EndGlobalSection
	GlobalSection(SolutionProperties) = preSolution
		HideSolutionNode = FALSE
	EndGlobalSection
EndGlobal
