
Microsoft Visual Studio Solution File, Format Version 12.00
# Visual Studio 2012
Project("{FAE04EC0-301F-11D3-BF4B-00C04F79EFBC}") = "StatusBarTest", "StatusBarTest.csproj", "{99F44F69-7B92-46B6-B38D-854AA40B53A2}"
EndProject
Global
	GlobalSection(SolutionConfigurationPlatforms) = preSolution
		Debug|Any CPU = Debug|Any CPU
		Release|Any CPU = Release|Any CPU
	EndGlobalSection
	GlobalSection(ProjectConfigurationPlatforms) = postSolution
		{99F44F69-7B92-46B6-B38D-854AA40B53A2}.Debug|Any CPU.ActiveCfg = Debug|Any CPU
		{99F44F69-7B92-46B6-B38D-854AA40B53A2}.Debug|Any CPU.Build.0 = Debug|Any CPU
		{99F44F69-7B92-46B6-B38D-854AA40B53A2}.Release|Any CPU.ActiveCfg = Release|Any CPU
		{99F44F69-7B92-46B6-B38D-854AA40B53A2}.Release|Any CPU.Build.0 = Release|Any CPU
	EndGlobalSection
	GlobalSection(SolutionProperties) = preSolution
		HideSolutionNode = FALSE
	EndGlobalSection
EndGlobal
