
Microsoft Visual Studio Solution File, Format Version 11.00
# Visual Studio 2010
Project("{8BC9CEB8-8B4A-11D0-8D11-00A0C91BC942}") = "C_VMS_RMS_Test", "C_VMS_RMS_Test.vcxproj", "{07D8D3E4-D136-4F53-AE96-6637670852D2}"
EndProject
Global
	GlobalSection(SolutionConfigurationPlatforms) = preSolution
		Debug|Win32 = Debug|Win32
		Release|Win32 = Release|Win32
	EndGlobalSection
	GlobalSection(ProjectConfigurationPlatforms) = postSolution
		{07D8D3E4-D136-4F53-AE96-6637670852D2}.Debug|Win32.ActiveCfg = Debug|Win32
		{07D8D3E4-D136-4F53-AE96-6637670852D2}.Debug|Win32.Build.0 = Debug|Win32
		{07D8D3E4-D136-4F53-AE96-6637670852D2}.Release|Win32.ActiveCfg = Release|Win32
		{07D8D3E4-D136-4F53-AE96-6637670852D2}.Release|Win32.Build.0 = Release|Win32
	EndGlobalSection
	GlobalSection(SolutionProperties) = preSolution
		HideSolutionNode = FALSE
	EndGlobalSection
EndGlobal
