
Microsoft Visual Studio Solution File, Format Version 11.00
# Visual Studio 2010
Project("{E24C65DC-7377-472B-9ABA-BC803B73C61A}") = "PositionContentCenterInBrowser", "E:\Utveckling Testprogram\ASP.Net\PositionContentCenterInBrowser\", "{414AEC07-5D15-4673-93AE-A71D39355686}"
	ProjectSection(WebsiteProperties) = preProject
		TargetFrameworkMoniker = ".NETFramework,Version%3Dv3.5"
		Debug.AspNetCompiler.VirtualPath = "/PositionContentCenterInBrowser"
		Debug.AspNetCompiler.PhysicalPath = "E:\Utveckling Testprogram\ASP.Net\PositionContentCenterInBrowser\"
		Debug.AspNetCompiler.TargetPath = "PrecompiledWeb\PositionContentCenterInBrowser\"
		Debug.AspNetCompiler.Updateable = "true"
		Debug.AspNetCompiler.ForceOverwrite = "true"
		Debug.AspNetCompiler.FixedNames = "false"
		Debug.AspNetCompiler.Debug = "True"
		Release.AspNetCompiler.VirtualPath = "/PositionContentCenterInBrowser"
		Release.AspNetCompiler.PhysicalPath = "E:\Utveckling Testprogram\ASP.Net\PositionContentCenterInBrowser\"
		Release.AspNetCompiler.TargetPath = "PrecompiledWeb\PositionContentCenterInBrowser\"
		Release.AspNetCompiler.Updateable = "true"
		Release.AspNetCompiler.ForceOverwrite = "true"
		Release.AspNetCompiler.FixedNames = "false"
		Release.AspNetCompiler.Debug = "False"
		VWDPort = "53873"
		DefaultWebSiteLanguage = "Visual C#"
	EndProjectSection
EndProject
Global
	GlobalSection(SolutionConfigurationPlatforms) = preSolution
		Debug|Any CPU = Debug|Any CPU
	EndGlobalSection
	GlobalSection(ProjectConfigurationPlatforms) = postSolution
		{414AEC07-5D15-4673-93AE-A71D39355686}.Debug|Any CPU.ActiveCfg = Debug|Any CPU
		{414AEC07-5D15-4673-93AE-A71D39355686}.Debug|Any CPU.Build.0 = Debug|Any CPU
	EndGlobalSection
	GlobalSection(SolutionProperties) = preSolution
		HideSolutionNode = FALSE
	EndGlobalSection
EndGlobal
