
Microsoft Visual Studio Solution File, Format Version 11.00
# Visual Studio 2010
Project("{FAE04EC0-301F-11D3-BF4B-00C04F79EFBC}") = "WFServiceLibraryEmpty", "WFServiceLibraryEmpty.csproj", "{BC002699-0A1F-4406-8BB0-21EA864CF731}"
EndProject
Global
	GlobalSection(SolutionConfigurationPlatforms) = preSolution
		Debug|Any CPU = Debug|Any CPU
		Release|Any CPU = Release|Any CPU
	EndGlobalSection
	GlobalSection(ProjectConfigurationPlatforms) = postSolution
		{BC002699-0A1F-4406-8BB0-21EA864CF731}.Debug|Any CPU.ActiveCfg = Debug|Any CPU
		{BC002699-0A1F-4406-8BB0-21EA864CF731}.Debug|Any CPU.Build.0 = Debug|Any CPU
		{BC002699-0A1F-4406-8BB0-21EA864CF731}.Release|Any CPU.ActiveCfg = Release|Any CPU
		{BC002699-0A1F-4406-8BB0-21EA864CF731}.Release|Any CPU.Build.0 = Release|Any CPU
	EndGlobalSection
	GlobalSection(SolutionProperties) = preSolution
		HideSolutionNode = FALSE
	EndGlobalSection
EndGlobal
