
Microsoft Visual Studio Solution File, Format Version 11.00
# Visual Studio 2010
Project("{F184B08F-C81C-45F6-A57F-5ABD9991F28F}") = "VB.NET_InheritControl", "VB.NET_InheritControl\VB.NET_InheritControl.vbproj", "{EDD3122E-0DB8-427B-B220-D6C7210CDBCB}"
EndProject
Global
	GlobalSection(SolutionConfigurationPlatforms) = preSolution
		Debug|x86 = Debug|x86
		Release|x86 = Release|x86
	EndGlobalSection
	GlobalSection(ProjectConfigurationPlatforms) = postSolution
		{EDD3122E-0DB8-427B-B220-D6C7210CDBCB}.Debug|x86.ActiveCfg = Debug|x86
		{EDD3122E-0DB8-427B-B220-D6C7210CDBCB}.Debug|x86.Build.0 = Debug|x86
		{EDD3122E-0DB8-427B-B220-D6C7210CDBCB}.Release|x86.ActiveCfg = Release|x86
		{EDD3122E-0DB8-427B-B220-D6C7210CDBCB}.Release|x86.Build.0 = Release|x86
	EndGlobalSection
	GlobalSection(SolutionProperties) = preSolution
		HideSolutionNode = FALSE
	EndGlobalSection
EndGlobal
