
Microsoft Visual Studio Solution File, Format Version 11.00
# Visual Studio 2010
Project("{F184B08F-C81C-45F6-A57F-5ABD9991F28F}") = "VB_CustomAuthentication", "VB_CustomAuthentication.vbproj", "{A5F51CE4-65C2-4B5D-85BE-0FB134C8F875}"
EndProject
Global
	GlobalSection(SolutionConfigurationPlatforms) = preSolution
		Debug|x86 = Debug|x86
		Release|x86 = Release|x86
	EndGlobalSection
	GlobalSection(ProjectConfigurationPlatforms) = postSolution
		{A5F51CE4-65C2-4B5D-85BE-0FB134C8F875}.Debug|x86.ActiveCfg = Debug|x86
		{A5F51CE4-65C2-4B5D-85BE-0FB134C8F875}.Debug|x86.Build.0 = Debug|x86
		{A5F51CE4-65C2-4B5D-85BE-0FB134C8F875}.Release|x86.ActiveCfg = Release|x86
		{A5F51CE4-65C2-4B5D-85BE-0FB134C8F875}.Release|x86.Build.0 = Release|x86
	EndGlobalSection
	GlobalSection(SolutionProperties) = preSolution
		HideSolutionNode = FALSE
	EndGlobalSection
EndGlobal
